
Microsoft Visual Studio Solution File, Format Version 12.00
# Visual Studio Version 16
VisualStudioVersion = 16.0.34031.81
MinimumVisualStudioVersion = 10.0.40219.1
Project("{FAE04EC0-301F-11D3-BF4B-00C04F79EFBC}") = "Throwing", "Throwing\Throwing.csproj", "{2659BC17-05A6-4D73-BD94-DE5136A646F4}"
EndProject
Global
	GlobalSection(SolutionConfigurationPlatforms) = preSolution
		Debug|Any CPU = Debug|Any CPU
		Release|Any CPU = Release|Any CPU
	EndGlobalSection
	GlobalSection(ProjectConfigurationPlatforms) = postSolution
		{2659BC17-05A6-4D73-BD94-DE5136A646F4}.Debug|Any CPU.ActiveCfg = Debug|Any CPU
		{2659BC17-05A6-4D73-BD94-DE5136A646F4}.Debug|Any CPU.Build.0 = Debug|Any CPU
		{2659BC17-05A6-4D73-BD94-DE5136A646F4}.Release|Any CPU.ActiveCfg = Release|Any CPU
		{2659BC17-05A6-4D73-BD94-DE5136A646F4}.Release|Any CPU.Build.0 = Release|Any CPU
	EndGlobalSection
	GlobalSection(SolutionProperties) = preSolution
		HideSolutionNode = FALSE
	EndGlobalSection
	GlobalSection(ExtensibilityGlobals) = postSolution
		SolutionGuid = {216C6BA0-A294-44E2-B783-55BDDA988A68}
	EndGlobalSection
EndGlobal
